Microsoft Visual Studio Solution File, Format Version 12.00
# Visual Studio Version 17
VisualStudioVersion = 17.5.2.0
MinimumVisualStudioVersion = 10.0.40219.1
Project("{FAE04EC0-301F-11D3-BF4B-00C04F79EFBC}") = "RockRouteAPI", "RockRouteAPI.csproj", "{AB75EA5B-315A-5210-0FA3-3D4E596811DB}"
EndProject
Global
	GlobalSection(SolutionConfigurationPlatforms) = preSolution
		Debug|Any CPU = Debug|Any CPU
		Release|Any CPU = Release|Any CPU
	EndGlobalSection
	GlobalSection(ProjectConfigurationPlatforms) = postSolution
		{AB75EA5B-315A-5210-0FA3-3D4E596811DB}.Debug|Any CPU.ActiveCfg = Debug|Any CPU
		{AB75EA5B-315A-5210-0FA3-3D4E596811DB}.Debug|Any CPU.Build.0 = Debug|Any CPU
		{AB75EA5B-315A-5210-0FA3-3D4E596811DB}.Release|Any CPU.ActiveCfg = Release|Any CPU
		{AB75EA5B-315A-5210-0FA3-3D4E596811DB}.Release|Any CPU.Build.0 = Release|Any CPU
	EndGlobalSection
	GlobalSection(SolutionProperties) = preSolution
		HideSolutionNode = FALSE
	EndGlobalSection
	GlobalSection(ExtensibilityGlobals) = postSolution
		SolutionGuid = {719761E7-850F-4722-8671-A58A5F869185}
	EndGlobalSection
EndGlobal
